dependencies:
- condition: ""
  enabled: false
  import-values: null
  name: auth-ce
  repository: https://fabiogomezdiaz.github.io/refarch-cloudnative-kubernetes/charts
  tags: null
  version: 0.1.0
digest: sha256:63aaf8d7a804e155016aa2e44d7aa0d30be6bb76d37011417e2a528adffb7baf
generated: 2017-06-28T10:09:24.075717794-05:00
