dependencies:
- name: inventory
  repository: https://raw.githubusercontent.com/ibm-cloud-architecture/refarch-cloudnative-kubernetes/microprofile/docs/charts/services-bc-mp
  version: 1.0.0
- name: auth
  repository: https://raw.githubusercontent.com/ibm-cloud-architecture/refarch-cloudnative-kubernetes/microprofile/docs/charts/services-bc-mp
  version: 1.0.0
- name: catalog
  repository: https://raw.githubusercontent.com/ibm-cloud-architecture/refarch-cloudnative-kubernetes/microprofile/docs/charts/services-bc-mp
  version: 1.0.0
- name: customer
  repository: https://raw.githubusercontent.com/ibm-cloud-architecture/refarch-cloudnative-kubernetes/microprofile/docs/charts/services-bc-mp
  version: 1.0.0
- name: web
  repository: https://raw.githubusercontent.com/ibm-cloud-architecture/refarch-cloudnative-kubernetes/microprofile/docs/charts/services-bc-mp
  version: 1.0.0
- name: inventorydb
  repository: https://raw.githubusercontent.com/ibm-cloud-architecture/refarch-cloudnative-kubernetes/microprofile/docs/charts/services-bc-mp
  version: 1.0.0
- name: ibmcase-elasticsearch
  repository: https://raw.githubusercontent.com/ibm-cloud-architecture/refarch-cloudnative-kubernetes/microprofile/docs/charts/services-bc-mp
  version: 0.2.0
- name: keystore
  repository: https://raw.githubusercontent.com/ibm-cloud-architecture/refarch-cloudnative-kubernetes/microprofile/docs/charts/services-bc-mp
  version: 1.0.0
- name: ordersdb
  repository: https://raw.githubusercontent.com/ibm-cloud-architecture/refarch-cloudnative-kubernetes/microprofile/docs/charts/services-bc-mp
  version: 1.0.0
- name: orders
  repository: https://raw.githubusercontent.com/ibm-cloud-architecture/refarch-cloudnative-kubernetes/microprofile/docs/charts/services-bc-mp
  version: 1.0.0
digest: sha256:c0ce936c906894d90e2bfb34555b60197069a63d44696b760c22546fde7ba915
generated: 2018-05-10T20:29:04.538238-05:00
