dependencies:
- name: auth
  repository: https://raw.githubusercontent.com/ibm-cloud-architecture/refarch-cloudnative-kubernetes/master/docs/charts
  version: 0.3.0
- name: catalog
  repository: https://raw.githubusercontent.com/ibm-cloud-architecture/refarch-cloudnative-kubernetes/master/docs/charts
  version: 0.3.0
- name: customer
  repository: https://raw.githubusercontent.com/ibm-cloud-architecture/refarch-cloudnative-kubernetes/master/docs/charts
  version: 0.3.0
- name: inventory
  repository: https://raw.githubusercontent.com/ibm-cloud-architecture/refarch-cloudnative-kubernetes/master/docs/charts
  version: 0.3.0
- name: orders
  repository: https://raw.githubusercontent.com/ibm-cloud-architecture/refarch-cloudnative-kubernetes/master/docs/charts
  version: 0.3.0
- name: web
  repository: https://raw.githubusercontent.com/ibm-cloud-architecture/refarch-cloudnative-kubernetes/master/docs/charts
  version: 0.3.0
- name: ibmcase-bluemix-service
  repository: https://raw.githubusercontent.com/ibm-cloud-architecture/refarch-cloudnative-kubernetes/master/docs/charts
  version: 0.2.0
- name: ibmcase-bluemix-service
  repository: https://raw.githubusercontent.com/ibm-cloud-architecture/refarch-cloudnative-kubernetes/master/docs/charts
  version: 0.2.0
- name: ibmcase-bluemix-service
  repository: https://raw.githubusercontent.com/ibm-cloud-architecture/refarch-cloudnative-kubernetes/master/docs/charts
  version: 0.2.0
- name: ibmcase-bluemix-service
  repository: https://raw.githubusercontent.com/ibm-cloud-architecture/refarch-cloudnative-kubernetes/master/docs/charts
  version: 0.2.0
- name: ibmcase-bluemix-service
  repository: https://raw.githubusercontent.com/ibm-cloud-architecture/refarch-cloudnative-kubernetes/master/docs/charts
  version: 0.2.0
digest: sha256:3a1011f094ea143fa159bf06af449b03085b862b2a155179ea87c210b8140b11
generated: 2018-03-05T15:36:40.681887+09:00
